
Microsoft Visual Studio Solution File, Format Version 12.00
# Visual Studio 14
VisualStudioVersion = 14.0.23107.0
MinimumVisualStudioVersion = 10.0.40219.1
Project("{8BC9CEB8-8B4A-11D0-8D11-00A0C91BC942}") = "HtmlDecode", "HtmlDecode.vcxproj", "{AC1B8B2C-370B-4FD2-A021-F5949F7E3D1B}"
EndProject
Project("{8BC9CEB8-8B4A-11D0-8D11-00A0C91BC942}") = "TheApplicationTests", "TheApplicationTests\TheApplicationTests.vcxproj", "{EEC4C1DC-DE44-4CF1-9B01-0D5857C5BF63}"
EndProject
Global
	GlobalSection(SolutionConfigurationPlatforms) = preSolution
		Debug|x64 = Debug|x64
		Debug|x86 = Debug|x86
		Release|x64 = Release|x64
		Release|x86 = Release|x86
	EndGlobalSection
	GlobalSection(ProjectConfigurationPlatforms) = postSolution
		{AC1B8B2C-370B-4FD2-A021-F5949F7E3D1B}.Debug|x64.ActiveCfg = Debug|x64
		{AC1B8B2C-370B-4FD2-A021-F5949F7E3D1B}.Debug|x64.Build.0 = Debug|x64
		{AC1B8B2C-370B-4FD2-A021-F5949F7E3D1B}.Debug|x86.ActiveCfg = Debug|Win32
		{AC1B8B2C-370B-4FD2-A021-F5949F7E3D1B}.Debug|x86.Build.0 = Debug|Win32
		{AC1B8B2C-370B-4FD2-A021-F5949F7E3D1B}.Release|x64.ActiveCfg = Release|x64
		{AC1B8B2C-370B-4FD2-A021-F5949F7E3D1B}.Release|x64.Build.0 = Release|x64
		{AC1B8B2C-370B-4FD2-A021-F5949F7E3D1B}.Release|x86.ActiveCfg = Release|Win32
		{AC1B8B2C-370B-4FD2-A021-F5949F7E3D1B}.Release|x86.Build.0 = Release|Win32
		{EEC4C1DC-DE44-4CF1-9B01-0D5857C5BF63}.Debug|x64.ActiveCfg = Debug|x64
		{EEC4C1DC-DE44-4CF1-9B01-0D5857C5BF63}.Debug|x64.Build.0 = Debug|x64
		{EEC4C1DC-DE44-4CF1-9B01-0D5857C5BF63}.Debug|x86.ActiveCfg = Debug|Win32
		{EEC4C1DC-DE44-4CF1-9B01-0D5857C5BF63}.Debug|x86.Build.0 = Debug|Win32
		{EEC4C1DC-DE44-4CF1-9B01-0D5857C5BF63}.Release|x64.ActiveCfg = Release|x64
		{EEC4C1DC-DE44-4CF1-9B01-0D5857C5BF63}.Release|x64.Build.0 = Release|x64
		{EEC4C1DC-DE44-4CF1-9B01-0D5857C5BF63}.Release|x86.ActiveCfg = Release|Win32
		{EEC4C1DC-DE44-4CF1-9B01-0D5857C5BF63}.Release|x86.Build.0 = Release|Win32
	EndGlobalSection
	GlobalSection(SolutionProperties) = preSolution
		HideSolutionNode = FALSE
	EndGlobalSection
EndGlobal
