
Microsoft Visual Studio Solution File, Format Version 12.00
# Visual Studio 14
VisualStudioVersion = 14.0.25420.1
MinimumVisualStudioVersion = 10.0.40219.1
Project("{8BC9CEB8-8B4A-11D0-8D11-00A0C91BC942}") = "People", "People.vcxproj", "{86DC8215-E8A0-451D-89FB-CB66D5D488AA}"
EndProject
Project("{8BC9CEB8-8B4A-11D0-8D11-00A0C91BC942}") = "TheApplicationTests", "..\TheApplicationTests\TheApplicationTests.vcxproj", "{D1E93730-5E0D-489C-ADFC-5FAE47F31416}"
EndProject
Global
	GlobalSection(SolutionConfigurationPlatforms) = preSolution
		Debug|x64 = Debug|x64
		Debug|x86 = Debug|x86
		Release|x64 = Release|x64
		Release|x86 = Release|x86
	EndGlobalSection
	GlobalSection(ProjectConfigurationPlatforms) = postSolution
		{86DC8215-E8A0-451D-89FB-CB66D5D488AA}.Debug|x64.ActiveCfg = Debug|x64
		{86DC8215-E8A0-451D-89FB-CB66D5D488AA}.Debug|x64.Build.0 = Debug|x64
		{86DC8215-E8A0-451D-89FB-CB66D5D488AA}.Debug|x86.ActiveCfg = Debug|Win32
		{86DC8215-E8A0-451D-89FB-CB66D5D488AA}.Debug|x86.Build.0 = Debug|Win32
		{86DC8215-E8A0-451D-89FB-CB66D5D488AA}.Release|x64.ActiveCfg = Release|x64
		{86DC8215-E8A0-451D-89FB-CB66D5D488AA}.Release|x64.Build.0 = Release|x64
		{86DC8215-E8A0-451D-89FB-CB66D5D488AA}.Release|x86.ActiveCfg = Release|Win32
		{86DC8215-E8A0-451D-89FB-CB66D5D488AA}.Release|x86.Build.0 = Release|Win32
		{D1E93730-5E0D-489C-ADFC-5FAE47F31416}.Debug|x64.ActiveCfg = Debug|x64
		{D1E93730-5E0D-489C-ADFC-5FAE47F31416}.Debug|x64.Build.0 = Debug|x64
		{D1E93730-5E0D-489C-ADFC-5FAE47F31416}.Debug|x86.ActiveCfg = Debug|Win32
		{D1E93730-5E0D-489C-ADFC-5FAE47F31416}.Debug|x86.Build.0 = Debug|Win32
		{D1E93730-5E0D-489C-ADFC-5FAE47F31416}.Release|x64.ActiveCfg = Release|x64
		{D1E93730-5E0D-489C-ADFC-5FAE47F31416}.Release|x64.Build.0 = Release|x64
		{D1E93730-5E0D-489C-ADFC-5FAE47F31416}.Release|x86.ActiveCfg = Release|Win32
		{D1E93730-5E0D-489C-ADFC-5FAE47F31416}.Release|x86.Build.0 = Release|Win32
	EndGlobalSection
	GlobalSection(SolutionProperties) = preSolution
		HideSolutionNode = FALSE
	EndGlobalSection
EndGlobal
